
Microsoft Visual Studio Solution File, Format Version 12.00
# Visual Studio Version 17
VisualStudioVersion = 17.5.002.0
MinimumVisualStudioVersion = 10.0.40219.1
Project("{9A19103F-16F7-4668-BE54-9A1E7A4F7556}") = "Api", "Apis\Apis.csproj", "{FF6A97F5-F72C-4D0F-B9B1-970B2909992C}"
EndProject
Project("{FAE04EC0-301F-11D3-BF4B-00C04F79EFBC}") = "Tests", "Tests\Tests.csproj", "{B00B4A4D-AC8E-4923-9465-458166983B8C}"
EndProject
Project("{FAE04EC0-301F-11D3-BF4B-00C04F79EFBC}") = "Worker", "Workers\Workers.csproj", "{193462C3-DD3A-4282-B16C-DFD7DDDA762F}"
EndProject
Project("{FAE04EC0-301F-11D3-BF4B-00C04F79EFBC}") = "Service", "Services\Services.csproj", "{0EBC0EE6-D678-4934-BEEF-CB995B141B35}"
EndProject
Global
	GlobalSection(SolutionConfigurationPlatforms) = preSolution
		Debug|Any CPU = Debug|Any CPU
		Release|Any CPU = Release|Any CPU
	EndGlobalSection
	GlobalSection(ProjectConfigurationPlatforms) = postSolution
		{FF6A97F5-F72C-4D0F-B9B1-970B2909992C}.Debug|Any CPU.ActiveCfg = Debug|Any CPU
		{FF6A97F5-F72C-4D0F-B9B1-970B2909992C}.Debug|Any CPU.Build.0 = Debug|Any CPU
		{FF6A97F5-F72C-4D0F-B9B1-970B2909992C}.Release|Any CPU.ActiveCfg = Release|Any CPU
		{FF6A97F5-F72C-4D0F-B9B1-970B2909992C}.Release|Any CPU.Build.0 = Release|Any CPU
		{B00B4A4D-AC8E-4923-9465-458166983B8C}.Debug|Any CPU.ActiveCfg = Debug|Any CPU
		{B00B4A4D-AC8E-4923-9465-458166983B8C}.Debug|Any CPU.Build.0 = Debug|Any CPU
		{B00B4A4D-AC8E-4923-9465-458166983B8C}.Release|Any CPU.ActiveCfg = Release|Any CPU
		{B00B4A4D-AC8E-4923-9465-458166983B8C}.Release|Any CPU.Build.0 = Release|Any CPU
		{193462C3-DD3A-4282-B16C-DFD7DDDA762F}.Debug|Any CPU.ActiveCfg = Debug|Any CPU
		{193462C3-DD3A-4282-B16C-DFD7DDDA762F}.Debug|Any CPU.Build.0 = Debug|Any CPU
		{193462C3-DD3A-4282-B16C-DFD7DDDA762F}.Release|Any CPU.ActiveCfg = Release|Any CPU
		{193462C3-DD3A-4282-B16C-DFD7DDDA762F}.Release|Any CPU.Build.0 = Release|Any CPU
		{0EBC0EE6-D678-4934-BEEF-CB995B141B35}.Debug|Any CPU.ActiveCfg = Debug|Any CPU
		{0EBC0EE6-D678-4934-BEEF-CB995B141B35}.Debug|Any CPU.Build.0 = Debug|Any CPU
		{0EBC0EE6-D678-4934-BEEF-CB995B141B35}.Release|Any CPU.ActiveCfg = Release|Any CPU
		{0EBC0EE6-D678-4934-BEEF-CB995B141B35}.Release|Any CPU.Build.0 = Release|Any CPU
	EndGlobalSection
	GlobalSection(SolutionProperties) = preSolution
		HideSolutionNode = FALSE
	EndGlobalSection
	GlobalSection(ExtensibilityGlobals) = postSolution
		SolutionGuid = {F847A1E4-8E47-4D75-8016-0440800D919C}
	EndGlobalSection
EndGlobal
