Microsoft Visual Studio Solution File, Format Version 12.00
# Visual Studio Version 17
VisualStudioVersion = 17.3.32929.385
MinimumVisualStudioVersion = 10.0.40219.1
Project("{9A19103F-16F7-4668-BE54-9A1E7A4F7556}") = "WebService", "WebService\WebService.csproj", "{1DAE6D87-8F16-41EF-BD7F-E12407C4883C}"
EndProject
Project("{9A19103F-16F7-4668-BE54-9A1E7A4F7556}") = "Domain", "Domain\Domain.csproj", "{805F114F-892C-4286-B97C-F8EF0954A22F}"
EndProject
Project("{2150E333-8FDC-42A3-9474-1A3956D46DE8}") = "Commands", "Commands", "{C916BF13-9C6F-4959-998A-69C2E8672C8E}"
EndProject
Project("{9A19103F-16F7-4668-BE54-9A1E7A4F7556}") = "Commands", "Commands\Commands.csproj", "{366D0CB8-81C5-4F02-ADF2-0A1BDF6F03E2}"
EndProject
Project("{9A19103F-16F7-4668-BE54-9A1E7A4F7556}") = "CommandHandlers", "CommandHandlers\CommandHandlers.csproj", "{44501D8B-4B80-4557-B4E2-843CE5A40D26}"
EndProject
Project("{9A19103F-16F7-4668-BE54-9A1E7A4F7556}") = "Validators", "Validators\Validators.csproj", "{20233027-C5FF-4194-88DE-6D438F9B3B6D}"
EndProject
Project("{9A19103F-16F7-4668-BE54-9A1E7A4F7556}") = "ValidationHandlers", "ValidationHandlers\ValidationHandlers.csproj", "{67F7BC7F-C401-4CFB-8F54-F166651FEE20}"
EndProject
Project("{2150E333-8FDC-42A3-9474-1A3956D46DE8}") = "Shared", "Shared", "{2AB22346-17DE-462C-B877-0CDEF97E3BE4}"
EndProject
Project("{9A19103F-16F7-4668-BE54-9A1E7A4F7556}") = "Contracts", "Contracts\Contracts.csproj", "{3CF5CFC8-C31F-4788-84BA-10BA368CF809}"
EndProject
Project("{9A19103F-16F7-4668-BE54-9A1E7A4F7556}") = "Utils", "Utils\Utils.csproj", "{516C5D6C-CB14-4618-8FD8-F666730DFE02}"
EndProject
Project("{2150E333-8FDC-42A3-9474-1A3956D46DE8}") = "Queries", "Queries", "{DAEFE2EC-1810-4BE7-9972-9B11962BFC1D}"
EndProject
Project("{9A19103F-16F7-4668-BE54-9A1E7A4F7556}") = "Queries", "Queries\Queries.csproj", "{C4F2F6C6-7D97-42C5-B3D7-86F5EB0D81D4}"
EndProject
Project("{9A19103F-16F7-4668-BE54-9A1E7A4F7556}") = "QueryHandlers", "QueryHandlers\QueryHandlers.csproj", "{4A0B3C81-2796-4481-9DD7-468C1F25F6AB}"
EndProject
Project("{9A19103F-16F7-4668-BE54-9A1E7A4F7556}") = "Events", "Events\Events.csproj", "{A7B33056-DDCF-481C-9755-2CF81AF83F55}"
EndProject
Project("{9A19103F-16F7-4668-BE54-9A1E7A4F7556}") = "XUnitTests", "XUnitTests\XUnitTests.csproj", "{E44DF0FA-65FE-4CB6-AE4A-C999031F9268}"
EndProject
Project("{2150E333-8FDC-42A3-9474-1A3956D46DE8}") = "Solution Items", "Solution Items", "{08D5614A-2A97-4225-9371-87817A653E92}"
	ProjectSection(SolutionItems) = preProject
		.editorconfig = .editorconfig
	EndProjectSection
EndProject
Global
	GlobalSection(SolutionConfigurationPlatforms) = preSolution
		Debug|Any CPU = Debug|Any CPU
		Release|Any CPU = Release|Any CPU
	EndGlobalSection
	GlobalSection(ProjectConfigurationPlatforms) = postSolution
		{1DAE6D87-8F16-41EF-BD7F-E12407C4883C}.Debug|Any CPU.ActiveCfg = Debug|Any CPU
		{1DAE6D87-8F16-41EF-BD7F-E12407C4883C}.Debug|Any CPU.Build.0 = Debug|Any CPU
		{1DAE6D87-8F16-41EF-BD7F-E12407C4883C}.Release|Any CPU.ActiveCfg = Release|Any CPU
		{1DAE6D87-8F16-41EF-BD7F-E12407C4883C}.Release|Any CPU.Build.0 = Release|Any CPU
		{805F114F-892C-4286-B97C-F8EF0954A22F}.Debug|Any CPU.ActiveCfg = Debug|Any CPU
		{805F114F-892C-4286-B97C-F8EF0954A22F}.Debug|Any CPU.Build.0 = Debug|Any CPU
		{805F114F-892C-4286-B97C-F8EF0954A22F}.Release|Any CPU.ActiveCfg = Release|Any CPU
		{805F114F-892C-4286-B97C-F8EF0954A22F}.Release|Any CPU.Build.0 = Release|Any CPU
		{366D0CB8-81C5-4F02-ADF2-0A1BDF6F03E2}.Debug|Any CPU.ActiveCfg = Debug|Any CPU
		{366D0CB8-81C5-4F02-ADF2-0A1BDF6F03E2}.Debug|Any CPU.Build.0 = Debug|Any CPU
		{366D0CB8-81C5-4F02-ADF2-0A1BDF6F03E2}.Release|Any CPU.ActiveCfg = Release|Any CPU
		{366D0CB8-81C5-4F02-ADF2-0A1BDF6F03E2}.Release|Any CPU.Build.0 = Release|Any CPU
		{44501D8B-4B80-4557-B4E2-843CE5A40D26}.Debug|Any CPU.ActiveCfg = Debug|Any CPU
		{44501D8B-4B80-4557-B4E2-843CE5A40D26}.Debug|Any CPU.Build.0 = Debug|Any CPU
		{44501D8B-4B80-4557-B4E2-843CE5A40D26}.Release|Any CPU.ActiveCfg = Release|Any CPU
		{44501D8B-4B80-4557-B4E2-843CE5A40D26}.Release|Any CPU.Build.0 = Release|Any CPU
		{20233027-C5FF-4194-88DE-6D438F9B3B6D}.Debug|Any CPU.ActiveCfg = Debug|Any CPU
		{20233027-C5FF-4194-88DE-6D438F9B3B6D}.Debug|Any CPU.Build.0 = Debug|Any CPU
		{20233027-C5FF-4194-88DE-6D438F9B3B6D}.Release|Any CPU.ActiveCfg = Release|Any CPU
		{20233027-C5FF-4194-88DE-6D438F9B3B6D}.Release|Any CPU.Build.0 = Release|Any CPU
		{67F7BC7F-C401-4CFB-8F54-F166651FEE20}.Debug|Any CPU.ActiveCfg = Debug|Any CPU
		{67F7BC7F-C401-4CFB-8F54-F166651FEE20}.Debug|Any CPU.Build.0 = Debug|Any CPU
		{67F7BC7F-C401-4CFB-8F54-F166651FEE20}.Release|Any CPU.ActiveCfg = Release|Any CPU
		{67F7BC7F-C401-4CFB-8F54-F166651FEE20}.Release|Any CPU.Build.0 = Release|Any CPU
		{3CF5CFC8-C31F-4788-84BA-10BA368CF809}.Debug|Any CPU.ActiveCfg = Debug|Any CPU
		{3CF5CFC8-C31F-4788-84BA-10BA368CF809}.Debug|Any CPU.Build.0 = Debug|Any CPU
		{3CF5CFC8-C31F-4788-84BA-10BA368CF809}.Release|Any CPU.ActiveCfg = Release|Any CPU
		{3CF5CFC8-C31F-4788-84BA-10BA368CF809}.Release|Any CPU.Build.0 = Release|Any CPU
		{516C5D6C-CB14-4618-8FD8-F666730DFE02}.Debug|Any CPU.ActiveCfg = Debug|Any CPU
		{516C5D6C-CB14-4618-8FD8-F666730DFE02}.Debug|Any CPU.Build.0 = Debug|Any CPU
		{516C5D6C-CB14-4618-8FD8-F666730DFE02}.Release|Any CPU.ActiveCfg = Release|Any CPU
		{516C5D6C-CB14-4618-8FD8-F666730DFE02}.Release|Any CPU.Build.0 = Release|Any CPU
		{C4F2F6C6-7D97-42C5-B3D7-86F5EB0D81D4}.Debug|Any CPU.ActiveCfg = Debug|Any CPU
		{C4F2F6C6-7D97-42C5-B3D7-86F5EB0D81D4}.Debug|Any CPU.Build.0 = Debug|Any CPU
		{C4F2F6C6-7D97-42C5-B3D7-86F5EB0D81D4}.Release|Any CPU.ActiveCfg = Release|Any CPU
		{C4F2F6C6-7D97-42C5-B3D7-86F5EB0D81D4}.Release|Any CPU.Build.0 = Release|Any CPU
		{4A0B3C81-2796-4481-9DD7-468C1F25F6AB}.Debug|Any CPU.ActiveCfg = Debug|Any CPU
		{4A0B3C81-2796-4481-9DD7-468C1F25F6AB}.Debug|Any CPU.Build.0 = Debug|Any CPU
		{4A0B3C81-2796-4481-9DD7-468C1F25F6AB}.Release|Any CPU.ActiveCfg = Release|Any CPU
		{4A0B3C81-2796-4481-9DD7-468C1F25F6AB}.Release|Any CPU.Build.0 = Release|Any CPU
		{A7B33056-DDCF-481C-9755-2CF81AF83F55}.Debug|Any CPU.ActiveCfg = Debug|Any CPU
		{A7B33056-DDCF-481C-9755-2CF81AF83F55}.Debug|Any CPU.Build.0 = Debug|Any CPU
		{A7B33056-DDCF-481C-9755-2CF81AF83F55}.Release|Any CPU.ActiveCfg = Release|Any CPU
		{A7B33056-DDCF-481C-9755-2CF81AF83F55}.Release|Any CPU.Build.0 = Release|Any CPU
		{E44DF0FA-65FE-4CB6-AE4A-C999031F9268}.Debug|Any CPU.ActiveCfg = Debug|Any CPU
		{E44DF0FA-65FE-4CB6-AE4A-C999031F9268}.Debug|Any CPU.Build.0 = Debug|Any CPU
		{E44DF0FA-65FE-4CB6-AE4A-C999031F9268}.Release|Any CPU.ActiveCfg = Release|Any CPU
		{E44DF0FA-65FE-4CB6-AE4A-C999031F9268}.Release|Any CPU.Build.0 = Release|Any CPU
	EndGlobalSection
	GlobalSection(SolutionProperties) = preSolution
		HideSolutionNode = FALSE
	EndGlobalSection
	GlobalSection(NestedProjects) = postSolution
		{366D0CB8-81C5-4F02-ADF2-0A1BDF6F03E2} = {C916BF13-9C6F-4959-998A-69C2E8672C8E}
		{44501D8B-4B80-4557-B4E2-843CE5A40D26} = {C916BF13-9C6F-4959-998A-69C2E8672C8E}
		{20233027-C5FF-4194-88DE-6D438F9B3B6D} = {C916BF13-9C6F-4959-998A-69C2E8672C8E}
		{67F7BC7F-C401-4CFB-8F54-F166651FEE20} = {C916BF13-9C6F-4959-998A-69C2E8672C8E}
		{3CF5CFC8-C31F-4788-84BA-10BA368CF809} = {2AB22346-17DE-462C-B877-0CDEF97E3BE4}
		{516C5D6C-CB14-4618-8FD8-F666730DFE02} = {2AB22346-17DE-462C-B877-0CDEF97E3BE4}
		{C4F2F6C6-7D97-42C5-B3D7-86F5EB0D81D4} = {DAEFE2EC-1810-4BE7-9972-9B11962BFC1D}
		{4A0B3C81-2796-4481-9DD7-468C1F25F6AB} = {DAEFE2EC-1810-4BE7-9972-9B11962BFC1D}
	EndGlobalSection
	GlobalSection(ExtensibilityGlobals) = postSolution
		SolutionGuid = {6FF15CF1-2944-40D5-9C90-040672717E4C}
	EndGlobalSection
EndGlobal 